// !$*UTF8*$!
{
	archiveVersion = 1;
	classes = {
	};
	objectVersion = 46;
	objects = {

/* Begin PBXBuildFile section */
		5D454E681DFF047600D68138 /* AppDelegate.swift in Sources */ = {isa = PBXBuildFile; fileRef = 5D454E671DFF047600D68138 /* AppDelegate.swift */; };
		5D454E6A1DFF047600D68138 /* ViewController.swift in Sources */ = {isa = PBXBuildFile; fileRef = 5D454E691DFF047600D68138 /* ViewController.swift */; };
		5D454E6D1DFF047600D68138 /* Main.storyboard in Resources */ = {isa = PBXBuildFile; fileRef = 5D454E6B1DFF047600D68138 /* Main.storyboard */; };
		5D454E6F1DFF047600D68138 /* Assets.xcassets in Resources */ = {isa = PBXBuildFile; fileRef = 5D454E6E1DFF047600D68138 /* Assets.xcassets */; };
		5D454E721DFF047600D68138 /* LaunchScreen.storyboard in Resources */ = {isa = PBXBuildFile; fileRef = 5D454E701DFF047600D68138 /* LaunchScreen.storyboard */; };
/* End PBXBuildFile section */

/* Begin PBXFileReference section */
		5D454E641DFF047600D68138 /* SnoozeButton.app */ = {isa = PBXFileReference; explicitFileType = wrapper.application; includeInIndex = 0; path = SnoozeButton.app; sourceTree = BUILT_PRODUCTS_DIR; };
		5D454E671DFF047600D68138 /* AppDelegate.swift */ = {isa = PBXFileReference; lastKnownFileType = sourcecode.swift; path = AppDelegate.swift; sourceTree = "<group>"; };
		5D454E691DFF047600D68138 /* ViewController.swift */ = {isa = PBXFileReference; lastKnownFileType = sourcecode.swift; path = ViewController.swift; sourceTree = "<group>"; };
		5D454E6C1DFF047600D68138 /* Base */ = {isa = PBXFileReference; lastKnownFileType = file.storyboard; name = Base; path = Base.lproj/Main.storyboard; sourceTree = "<group>"; };
		5D454E6E1DFF047600D68138 /* Assets.xcassets */ = {isa = PBXFileReference; lastKnownFileType = folder.assetcatalog; path = Assets.xcassets; sourceTree = "<group>"; };
		5D454E711DFF047600D68138 /* Base */ = {isa = PBXFileReference; lastKnownFileType = file.storyboard; name = Base; path = Base.lproj/LaunchScreen.storyboard; sourceTree = "<group>"; };
		5D454E731DFF047600D68138 /* Info.plist */ = {isa = PBXFileReference; lastKnownFileType = text.plist.xml; path = Info.plist; sourceTree = "<group>"; };
/* End PBXFileReference section */

/* Begin PBXFrameworksBuildPhase section */
		5D454E611DFF047500D68138 /* Frameworks */ = {
			isa = PBXFrameworksBuildPhase;
			buildActionMask = 2147483647;
			files = (
			);
			runOnlyForDeploymentPostprocessing = 0;
		};
/* End PBXFrameworksBuildPhase section */

/* Begin PBXGroup section */
		5D454E5B1DFF047500D68138 = {
			isa = PBXGroup;
			children = (
				5D454E661DFF047600D68138 /* SnoozeButton */,
				5D454E651DFF047600D68138 /* Products */,
			);
			sourceTree = "<group>";
		};
		5D454E651DFF047600D68138 /* Products */ = {
			isa = PBXGroup;
			children = (
				5D454E641DFF047600D68138 /* SnoozeButton.app */,
			);
			name = Products;
			sourceTree = "<group>";
		};
		5D454E661DFF047600D68138 /* SnoozeButton */ = {
			isa = PBXGroup;
			children = (
				5D454E671DFF047600D68138 /* AppDelegate.swift */,
				5D454E691DFF047600D68138 /* ViewController.swift */,
				5D454E6B1DFF047600D68138 /* Main.storyboard */,
				5D454E6E1DFF047600D68138 /* Assets.xcassets */,
				5D454E701DFF047600D68138 /* LaunchScreen.storyboard */,
				5D454E731DFF047600D68138 /* Info.plist */,
			);
			path = SnoozeButton;
			sourceTree = "<group>";
		};
/* End PBXGroup section */

/* Begin PBXNativeTarget section */
		5D454E631DFF047500D68138 /* SnoozeButton */ = {
			isa = PBXNativeTarget;
			buildConfigurationList = 5D454E761DFF047600D68138 /* Build configuration list for PBXNativeTarget "SnoozeButton" */;
			buildPhases = (
				5D454E601DFF047500D68138 /* Sources */,
				5D454E611DFF047500D68138 /* Frameworks */,
				5D454E621DFF047500D68138 /* Resources */,
			);
			buildRules = (
			);
			dependencies = (
			);
			name = SnoozeButton;
			productName = SnoozeButton;
			productReference = 5D454E641DFF047600D68138 /* SnoozeButton.app */;
			productType = "com.apple.product-type.application";
		};
/* End PBXNativeTarget section */

/* Begin PBXProject section */
		5D454E5C1DFF047500D68138 /* Project object */ = {
			isa = PBXProject;
			attributes = {
				LastSwiftUpdateCheck = 0810;
				LastUpgradeCheck = 0820;
				ORGANIZATIONNAME = "Mitchell Waite";
				TargetAttributes = {
					5D454E631DFF047500D68138 = {
						CreatedOnToolsVersion = 8.1;
						DevelopmentTeam = 334VAGY763;
						ProvisioningStyle = Automatic;
					};
				};
			};
			buildConfigurationList = 5D454E5F1DFF047500D68138 /* Build configuration list for PBXProject "SnoozeButton" */;
			compatibilityVersion = "Xcode 3.2";
			developmentRegion = English;
			hasScannedForEncodings = 0;
			knownRegions = (
				en,
				Base,
			);
			mainGroup = 5D454E5B1DFF047500D68138;
			productRefGroup = 5D454E651DFF047600D68138 /* Products */;
			projectDirPath = "";
			projectRoot = "";
			targets = (
				5D454E631DFF047500D68138 /* SnoozeButton */,
			);
		};
/* End PBXProject section */

/* Begin PBXResourcesBuildPhase section */
		5D454E621DFF047500D68138 /* Resources */ = {
			isa = PBXResourcesBuildPhase;
			buildActionMask = 2147483647;
			files = (
				5D454E721DFF047600D68138 /* LaunchScreen.storyboard in Resources */,
				5D454E6F1DFF047600D68138 /* Assets.xcassets in Resources */,
				5D454E6D1DFF047600D68138 /* Main.storyboard in Resources */,
			);
			runOnlyForDeploymentPostprocessing = 0;
		};
/* End PBXResourcesBuildPhase section */

/* Begin PBXSourcesBuildPhase section */
		5D454E601DFF047500D68138 /* Sources */ = {
			isa = PBXSourcesBuildPhase;
			buildActionMask = 2147483647;
			files = (
				5D454E6A1DFF047600D68138 /* ViewController.swift in Sources */,
				5D454E681DFF047600D68138 /* AppDelegate.swift in Sources */,
			);
			runOnlyForDeploymentPostprocessing = 0;
		};
/* End PBXSourcesBuildPhase section */

/* Begin PBXVariantGroup section */
		5D454E6B1DFF047600D68138 /* Main.storyboard */ = {
			isa = PBXVariantGroup;
			children = (
				5D454E6C1DFF047600D68138 /* Base */,
			);
			name = Main.storyboard;
			sourceTree = "<group>";
		};
		5D454E701DFF047600D68138 /* LaunchScreen.storyboard */ = {
			isa = PBXVariantGroup;
			children = (
				5D454E711DFF047600D68138 /* Base */,
			);
			name = LaunchScreen.storyboard;
			sourceTree = "<group>";
		};
/* End PBXVariantGroup section */

/* Begin XCBuildConfiguration section */
		5D454E741DFF047600D68138 /* Debug */ = {
			isa = XCBuildConfiguration;
			buildSettings = {
				ALWAYS_SEARCH_USER_PATHS = NO;
				CLANG_ANALYZER_NONNULL = YES;
				CLANG_CXX_LANGUAGE_STANDARD = "gnu++0x";
				CLANG_CXX_LIBRARY = "libc++";
				CLANG_ENABLE_MODULES = YES;
				CLANG_ENABLE_OBJC_ARC = YES;
				CLANG_WARN_BOOL_CONVERSION = YES;
				CLANG_WARN_CONSTANT_CONVERSION = YES;
				CLANG_WARN_DIRECT_OBJC_ISA_USAGE = YES_ERROR;
				CLANG_WARN_DOCUMENTATION_COMMENTS = YES;
				CLANG_WARN_EMPTY_BODY = YES;
				CLANG_WARN_ENUM_CONVERSION = YES;
				CLANG_WARN_INFINITE_RECURSION = YES;
				CLANG_WARN_INT_CONVERSION = YES;
				CLANG_WARN_OBJC_ROOT_CLASS = YES_ERROR;
				CLANG_WARN_SUSPICIOUS_MOVE = YES;
				CLANG_WARN_SUSPICIOUS_MOVES = YES;
				CLANG_WARN_UNREACHABLE_CODE = YES;
				CLANG_WARN__DUPLICATE_METHOD_MATCH = YES;
				"CODE_SIGN_IDENTITY[sdk=iphoneos*]" = "iPhone Developer";
				COPY_PHASE_STRIP = NO;
				DEBUG_INFORMATION_FORMAT = dwarf;
				ENABLE_STRICT_OBJC_MSGSEND = YES;
				ENABLE_TESTABILITY = YES;
				GCC_C_LANGUAGE_STANDARD = gnu99;
				GCC_DYNAMIC_NO_PIC = NO;
				GCC_NO_COMMON_BLOCKS = YES;
				GCC_OPTIMIZATION_LEVEL = 0;
				GCC_PREPROCESSOR_DEFINITIONS = (
					"DEBUG=1",
					"$(inherited)",
				);
				GCC_WARN_64_TO_32_BIT_CONVERSION = YES;
				GCC_WARN_ABOUT_RETURN_TYPE = YES_ERROR;
				GCC_WARN_UNDECLARED_SELECTOR = YES;
				GCC_WARN_UNINITIALIZED_AUTOS = YES_AGGRESSIVE;
				GCC_WARN_UNUSED_FUNCTION = YES;
				GCC_WARN_UNUSED_VARIABLE = YES;
				IPHONEOS_DEPLOYMENT_TARGET = 10.1;
				MTL_ENABLE_DEBUG_INFO = YES;
				ONLY_ACTIVE_ARCH = YES;
				SDKROOT = iphoneos;
				SWIFT_ACTIVE_COMPILATION_CONDITIONS = DEBUG;
				SWIFT_OPTIMIZATION_LEVEL = "-Onone";
				TARGETED_DEVICE_FAMILY = "1,2";
			};
			name = Debug;
		};
		5D454E751DFF047600D68138 /* Release */ = {
			isa = XCBuildConfiguration;
			buildSettings = {
				ALWAYS_SEARCH_USER_PATHS = NO;
				CLANG_ANALYZER_NONNULL = YES;
				CLANG_CXX_LANGUAGE_STANDARD = "gnu++0x";
				CLANG_CXX_LIBRARY = "libc++";
				CLANG_ENABLE_MODULES = YES;
				CLANG_ENABLE_OBJC_ARC = YES;
				CLANG_WARN_BOOL_CONVERSION = YES;
				CLANG_WARN_CONSTANT_CONVERSION = YES;
				CLANG_WARN_DIRECT_OBJC_ISA_USAGE = YES_ERROR;
				CLANG_WARN_DOCUMENTATION_COMMENTS = YES;
				CLANG_WARN_EMPTY_BODY = YES;
				CLANG_WARN_ENUM_CONVERSION = YES;
				CLANG_WARN_INFINITE_RECURSION = YES;
				CLANG_WARN_INT_CONVERSION = YES;
				CLANG_WARN_OBJC_ROOT_CLASS = YES_ERROR;
				CLANG_WARN_SUSPICIOUS_MOVE = YES;
				CLANG_WARN_SUSPICIOUS_MOVES = YES;
				CLANG_WARN_UNREACHABLE_CODE = YES;
				CLANG_WARN__DUPLICATE_METHOD_MATCH = YES;
				"CODE_SIGN_IDENTITY[sdk=iphoneos*]" = "iPhone Developer";
				COPY_PHASE_STRIP = NO;
				DEBUG_INFORMATION_FORMAT = "dwarf-with-dsym";
				ENABLE_NS_ASSERTIONS = NO;
				ENABLE_STRICT_OBJC_MSGSEND = YES;
				GCC_C_LANGUAGE_STANDARD = gnu99;
				GCC_NO_COMMON_BLOCKS = YES;
				GCC_WARN_64_TO_32_BIT_CONVERSION = YES;
				GCC_WARN_ABOUT_RETURN_TYPE = YES_ERROR;
				GCC_WARN_UNDECLARED_SELECTOR = YES;
				GCC_WARN_UNINITIALIZED_AUTOS = YES_AGGRESSIVE;
				GCC_WARN_UNUSED_FUNCTION = YES;
				GCC_WARN_UNUSED_VARIABLE = YES;
				IPHONEOS_DEPLOYMENT_TARGET = 10.1;
				MTL_ENABLE_DEBUG_INFO = NO;
				SDKROOT = iphoneos;
				SWIFT_OPTIMIZATION_LEVEL = "-Owholemodule";
				TARGETED_DEVICE_FAMILY = "1,2";
				VALIDATE_PRODUCT = YES;
			};
			name = Release;
		};
		5D454E771DFF047600D68138 /* Debug */ = {
			isa = XCBuildConfiguration;
			buildSettings = {
				ASSETCATALOG_COMPILER_APPICON_NAME = AppIcon;
				DEVELOPMENT_TEAM = 334VAGY763;
				INFOPLIST_FILE = SnoozeButton/Info.plist;
				LD_RUNPATH_SEARCH_PATHS = "$(inherited) @executable_path/Frameworks";
				PRODUCT_BUNDLE_IDENTIFIER = ca.mwaite.SnoozeButton;
				PRODUCT_NAME = "$(TARGET_NAME)";
				SWIFT_VERSION = 3.0;
			};
			name = Debug;
		};
		5D454E781DFF047600D68138 /* Release */ = {
			isa = XCBuildConfiguration;
			buildSettings = {
				ASSETCATALOG_COMPILER_APPICON_NAME = AppIcon;
				DEVELOPMENT_TEAM = 334VAGY763;
				INFOPLIST_FILE = SnoozeButton/Info.plist;
				LD_RUNPATH_SEARCH_PATHS = "$(inherited) @executable_path/Frameworks";
				PRODUCT_BUNDLE_IDENTIFIER = ca.mwaite.SnoozeButton;
				PRODUCT_NAME = "$(TARGET_NAME)";
				SWIFT_VERSION = 3.0;
			};
			name = Release;
		};
/* End XCBuildConfiguration section */

/* Begin XCConfigurationList section */
		5D454E5F1DFF047500D68138 /* Build configuration list for PBXProject "SnoozeButton" */ = {
			isa = XCConfigurationList;
			buildConfigurations = (
				5D454E741DFF047600D68138 /* Debug */,
				5D454E751DFF047600D68138 /* Release */,
			);
			defaultConfigurationIsVisible = 0;
			defaultConfigurationName = Release;
		};
		5D454E761DFF047600D68138 /* Build configuration list for PBXNativeTarget "SnoozeButton" */ = {
			isa = XCConfigurationList;
			buildConfigurations = (
				5D454E771DFF047600D68138 /* Debug */,
				5D454E781DFF047600D68138 /* Release */,
			);
			defaultConfigurationIsVisible = 0;
			defaultConfigurationName = Release;
		};
/* End XCConfigurationList section */
	};
	rootObject = 5D454E5C1DFF047500D68138 /* Project object */;
}
